
Microsoft Visual Studio Solution File, Format Version 12.00
# Visual Studio Version 16
VisualStudioVersion = 16.0.29920.165
MinimumVisualStudioVersion = 10.0.40219.1
Project("{FAE04EC0-301F-11D3-BF4B-00C04F79EFBC}") = "Spillman.SkiaSharp.PathFitter", "Spillman.SkiaSharp.PathFitter.csproj", "{246EA975-D633-4983-B451-D1206B235B01}"
EndProject
Global
	GlobalSection(SolutionConfigurationPlatforms) = preSolution
		Debug|Any CPU = Debug|Any CPU
		Release|Any CPU = Release|Any CPU
	EndGlobalSection
	GlobalSection(ProjectConfigurationPlatforms) = postSolution
		{246EA975-D633-4983-B451-D1206B235B01}.Debug|Any CPU.ActiveCfg = Debug|Any CPU
		{246EA975-D633-4983-B451-D1206B235B01}.Debug|Any CPU.Build.0 = Debug|Any CPU
		{246EA975-D633-4983-B451-D1206B235B01}.Release|Any CPU.ActiveCfg = Release|Any CPU
		{246EA975-D633-4983-B451-D1206B235B01}.Release|Any CPU.Build.0 = Release|Any CPU
	EndGlobalSection
	GlobalSection(SolutionProperties) = preSolution
		HideSolutionNode = FALSE
	EndGlobalSection
	GlobalSection(ExtensibilityGlobals) = postSolution
		SolutionGuid = {C61E644F-F20D-40C0-8AA9-53890550C927}
	EndGlobalSection
EndGlobal
